
Microsoft Visual Studio Solution File, Format Version 12.00
# Visual Studio Version 17
VisualStudioVersion = 17.9.34902.65
MinimumVisualStudioVersion = 10.0.40219.1
Project("{FAE04EC0-301F-11D3-BF4B-00C04F79EFBC}") = "SqlProfiler", "SqlProfiler\SqlProfiler.csproj", "{29FFA8A0-E17E-4316-99E6-DE46AE792AE5}"
EndProject
Global
	GlobalSection(SolutionConfigurationPlatforms) = preSolution
		Debug|Any CPU = Debug|Any CPU
		Release|Any CPU = Release|Any CPU
	EndGlobalSection
	GlobalSection(ProjectConfigurationPlatforms) = postSolution
		{29FFA8A0-E17E-4316-99E6-DE46AE792AE5}.Debug|Any CPU.ActiveCfg = Debug|Any CPU
		{29FFA8A0-E17E-4316-99E6-DE46AE792AE5}.Debug|Any CPU.Build.0 = Debug|Any CPU
		{29FFA8A0-E17E-4316-99E6-DE46AE792AE5}.Release|Any CPU.ActiveCfg = Release|Any CPU
		{29FFA8A0-E17E-4316-99E6-DE46AE792AE5}.Release|Any CPU.Build.0 = Release|Any CPU
	EndGlobalSection
	GlobalSection(SolutionProperties) = preSolution
		HideSolutionNode = FALSE
	EndGlobalSection
	GlobalSection(ExtensibilityGlobals) = postSolution
		SolutionGuid = {6E96AA8A-586D-441D-AC41-EF04DF55F97B}
	EndGlobalSection
EndGlobal
